// !$*UTF8*$!
{
	archiveVersion = 1;
	classes = {
	};
	objectVersion = 46;
	objects = {

/* Begin PBXBuildFile section */
		846EEBE51AF061C1003A59B7 /* AppDelegate.swift in Sources */ = {isa = PBXBuildFile; fileRef = 846EEBE41AF061C1003A59B7 /* AppDelegate.swift */; };
		846EEBE71AF061C1003A59B7 /* ViewController.swift in Sources */ = {isa = PBXBuildFile; fileRef = 846EEBE61AF061C1003A59B7 /* ViewController.swift */; };
		846EEBEA1AF061C1003A59B7 /* Main.storyboard in Resources */ = {isa = PBXBuildFile; fileRef = 846EEBE81AF061C1003A59B7 /* Main.storyboard */; };
		846EEBEC1AF061C1003A59B7 /* Images.xcassets in Resources */ = {isa = PBXBuildFile; fileRef = 846EEBEB1AF061C1003A59B7 /* Images.xcassets */; };
		846EEBEF1AF061C1003A59B7 /* LaunchScreen.xib in Resources */ = {isa = PBXBuildFile; fileRef = 846EEBED1AF061C1003A59B7 /* LaunchScreen.xib */; };
		846EEBFB1AF061C1003A59B7 /* MatchItTests.swift in Sources */ = {isa = PBXBuildFile; fileRef = 846EEBFA1AF061C1003A59B7 /* MatchItTests.swift */; };
/* End PBXBuildFile section */

/* Begin PBXContainerItemProxy section */
		846EEBF51AF061C1003A59B7 /* PBXContainerItemProxy */ = {
			isa = PBXContainerItemProxy;
			containerPortal = 846EEBD71AF061C1003A59B7 /* Project object */;
			proxyType = 1;
			remoteGlobalIDString = 846EEBDE1AF061C1003A59B7;
			remoteInfo = MatchIt;
		};
/* End PBXContainerItemProxy section */

/* Begin PBXFileReference section */
		846EEBDF1AF061C1003A59B7 /* MatchIt.app */ = {isa = PBXFileReference; explicitFileType = wrapper.application; includeInIndex = 0; path = MatchIt.app; sourceTree = BUILT_PRODUCTS_DIR; };
		846EEBE31AF061C1003A59B7 /* Info.plist */ = {isa = PBXFileReference; lastKnownFileType = text.plist.xml; path = Info.plist; sourceTree = "<group>"; };
		846EEBE41AF061C1003A59B7 /* AppDelegate.swift */ = {isa = PBXFileReference; lastKnownFileType = sourcecode.swift; path = AppDelegate.swift; sourceTree = "<group>"; };
		846EEBE61AF061C1003A59B7 /* ViewController.swift */ = {isa = PBXFileReference; lastKnownFileType = sourcecode.swift; path = ViewController.swift; sourceTree = "<group>"; };
		846EEBE91AF061C1003A59B7 /* Base */ = {isa = PBXFileReference; lastKnownFileType = file.storyboard; name = Base; path = Base.lproj/Main.storyboard; sourceTree = "<group>"; };
		846EEBEB1AF061C1003A59B7 /* Images.xcassets */ = {isa = PBXFileReference; lastKnownFileType = folder.assetcatalog; path = Images.xcassets; sourceTree = "<group>"; };
		846EEBEE1AF061C1003A59B7 /* Base */ = {isa = PBXFileReference; lastKnownFileType = file.xib; name = Base; path = Base.lproj/LaunchScreen.xib; sourceTree = "<group>"; };
		846EEBF41AF061C1003A59B7 /* MatchItTests.xctest */ = {isa = PBXFileReference; explicitFileType = wrapper.cfbundle; includeInIndex = 0; path = MatchItTests.xctest; sourceTree = BUILT_PRODUCTS_DIR; };
		846EEBF91AF061C1003A59B7 /* Info.plist */ = {isa = PBXFileReference; lastKnownFileType = text.plist.xml; path = Info.plist; sourceTree = "<group>"; };
		846EEBFA1AF061C1003A59B7 /* MatchItTests.swift */ = {isa = PBXFileReference; lastKnownFileType = sourcecode.swift; path = MatchItTests.swift; sourceTree = "<group>"; };
/* End PBXFileReference section */

/* Begin PBXFrameworksBuildPhase section */
		846EEBDC1AF061C1003A59B7 /* Frameworks */ = {
			isa = PBXFrameworksBuildPhase;
			buildActionMask = 2147483647;
			files = (
			);
			runOnlyForDeploymentPostprocessing = 0;
		};
		846EEBF11AF061C1003A59B7 /* Frameworks */ = {
			isa = PBXFrameworksBuildPhase;
			buildActionMask = 2147483647;
			files = (
			);
			runOnlyForDeploymentPostprocessing = 0;
		};
/* End PBXFrameworksBuildPhase section */

/* Begin PBXGroup section */
		846EEBD61AF061C1003A59B7 = {
			isa = PBXGroup;
			children = (
				846EEBE11AF061C1003A59B7 /* MatchIt */,
				846EEBF71AF061C1003A59B7 /* MatchItTests */,
				846EEBE01AF061C1003A59B7 /* Products */,
			);
			sourceTree = "<group>";
		};
		846EEBE01AF061C1003A59B7 /* Products */ = {
			isa = PBXGroup;
			children = (
				846EEBDF1AF061C1003A59B7 /* MatchIt.app */,
				846EEBF41AF061C1003A59B7 /* MatchItTests.xctest */,
			);
			name = Products;
			sourceTree = "<group>";
		};
		846EEBE11AF061C1003A59B7 /* MatchIt */ = {
			isa = PBXGroup;
			children = (
				846EEBE41AF061C1003A59B7 /* AppDelegate.swift */,
				846EEBE61AF061C1003A59B7 /* ViewController.swift */,
				846EEBE81AF061C1003A59B7 /* Main.storyboard */,
				846EEBEB1AF061C1003A59B7 /* Images.xcassets */,
				846EEBED1AF061C1003A59B7 /* LaunchScreen.xib */,
				846EEBE21AF061C1003A59B7 /* Supporting Files */,
			);
			path = MatchIt;
			sourceTree = "<group>";
		};
		846EEBE21AF061C1003A59B7 /* Supporting Files */ = {
			isa = PBXGroup;
			children = (
				846EEBE31AF061C1003A59B7 /* Info.plist */,
			);
			name = "Supporting Files";
			sourceTree = "<group>";
		};
		846EEBF71AF061C1003A59B7 /* MatchItTests */ = {
			isa = PBXGroup;
			children = (
				846EEBFA1AF061C1003A59B7 /* MatchItTests.swift */,
				846EEBF81AF061C1003A59B7 /* Supporting Files */,
			);
			path = MatchItTests;
			sourceTree = "<group>";
		};
		846EEBF81AF061C1003A59B7 /* Supporting Files */ = {
			isa = PBXGroup;
			children = (
				846EEBF91AF061C1003A59B7 /* Info.plist */,
			);
			name = "Supporting Files";
			sourceTree = "<group>";
		};
/* End PBXGroup section */

/* Begin PBXNativeTarget section */
		846EEBDE1AF061C1003A59B7 /* MatchIt */ = {
			isa = PBXNativeTarget;
			buildConfigurationList = 846EEBFE1AF061C1003A59B7 /* Build configuration list for PBXNativeTarget "MatchIt" */;
			buildPhases = (
				846EEBDB1AF061C1003A59B7 /* Sources */,
				846EEBDC1AF061C1003A59B7 /* Frameworks */,
				846EEBDD1AF061C1003A59B7 /* Resources */,
			);
			buildRules = (
			);
			dependencies = (
			);
			name = MatchIt;
			productName = MatchIt;
			productReference = 846EEBDF1AF061C1003A59B7 /* MatchIt.app */;
			productType = "com.apple.product-type.application";
		};
		846EEBF31AF061C1003A59B7 /* MatchItTests */ = {
			isa = PBXNativeTarget;
			buildConfigurationList = 846EEC011AF061C1003A59B7 /* Build configuration list for PBXNativeTarget "MatchItTests" */;
			buildPhases = (
				846EEBF01AF061C1003A59B7 /* Sources */,
				846EEBF11AF061C1003A59B7 /* Frameworks */,
				846EEBF21AF061C1003A59B7 /* Resources */,
			);
			buildRules = (
			);
			dependencies = (
				846EEBF61AF061C1003A59B7 /* PBXTargetDependency */,
			);
			name = MatchItTests;
			productName = MatchItTests;
			productReference = 846EEBF41AF061C1003A59B7 /* MatchItTests.xctest */;
			productType = "com.apple.product-type.bundle.unit-test";
		};
/* End PBXNativeTarget section */

/* Begin PBXProject section */
		846EEBD71AF061C1003A59B7 /* Project object */ = {
			isa = PBXProject;
			attributes = {
				LastUpgradeCheck = 0620;
				ORGANIZATIONNAME = "Tian Guo";
				TargetAttributes = {
					846EEBDE1AF061C1003A59B7 = {
						CreatedOnToolsVersion = 6.2;
					};
					846EEBF31AF061C1003A59B7 = {
						CreatedOnToolsVersion = 6.2;
						TestTargetID = 846EEBDE1AF061C1003A59B7;
					};
				};
			};
			buildConfigurationList = 846EEBDA1AF061C1003A59B7 /* Build configuration list for PBXProject "MatchIt" */;
			compatibilityVersion = "Xcode 3.2";
			developmentRegion = English;
			hasScannedForEncodings = 0;
			knownRegions = (
				en,
				Base,
			);
			mainGroup = 846EEBD61AF061C1003A59B7;
			productRefGroup = 846EEBE01AF061C1003A59B7 /* Products */;
			projectDirPath = "";
			projectRoot = "";
			targets = (
				846EEBDE1AF061C1003A59B7 /* MatchIt */,
				846EEBF31AF061C1003A59B7 /* MatchItTests */,
			);
		};
/* End PBXProject section */

/* Begin PBXResourcesBuildPhase section */
		846EEBDD1AF061C1003A59B7 /* Resources */ = {
			isa = PBXResourcesBuildPhase;
			buildActionMask = 2147483647;
			files = (
				846EEBEA1AF061C1003A59B7 /* Main.storyboard in Resources */,
				846EEBEF1AF061C1003A59B7 /* LaunchScreen.xib in Resources */,
				846EEBEC1AF061C1003A59B7 /* Images.xcassets in Resources */,
			);
			runOnlyForDeploymentPostprocessing = 0;
		};
		846EEBF21AF061C1003A59B7 /* Resources */ = {
			isa = PBXResourcesBuildPhase;
			buildActionMask = 2147483647;
			files = (
			);
			runOnlyForDeploymentPostprocessing = 0;
		};
/* End PBXResourcesBuildPhase section */

/* Begin PBXSourcesBuildPhase section */
		846EEBDB1AF061C1003A59B7 /* Sources */ = {
			isa = PBXSourcesBuildPhase;
			buildActionMask = 2147483647;
			files = (
				846EEBE71AF061C1003A59B7 /* ViewController.swift in Sources */,
				846EEBE51AF061C1003A59B7 /* AppDelegate.swift in Sources */,
			);
			runOnlyForDeploymentPostprocessing = 0;
		};
		846EEBF01AF061C1003A59B7 /* Sources */ = {
			isa = PBXSourcesBuildPhase;
			buildActionMask = 2147483647;
			files = (
				846EEBFB1AF061C1003A59B7 /* MatchItTests.swift in Sources */,
			);
			runOnlyForDeploymentPostprocessing = 0;
		};
/* End PBXSourcesBuildPhase section */

/* Begin PBXTargetDependency section */
		846EEBF61AF061C1003A59B7 /* PBXTargetDependency */ = {
			isa = PBXTargetDependency;
			target = 846EEBDE1AF061C1003A59B7 /* MatchIt */;
			targetProxy = 846EEBF51AF061C1003A59B7 /* PBXContainerItemProxy */;
		};
/* End PBXTargetDependency section */

/* Begin PBXVariantGroup section */
		846EEBE81AF061C1003A59B7 /* Main.storyboard */ = {
			isa = PBXVariantGroup;
			children = (
				846EEBE91AF061C1003A59B7 /* Base */,
			);
			name = Main.storyboard;
			sourceTree = "<group>";
		};
		846EEBED1AF061C1003A59B7 /* LaunchScreen.xib */ = {
			isa = PBXVariantGroup;
			children = (
				846EEBEE1AF061C1003A59B7 /* Base */,
			);
			name = LaunchScreen.xib;
			sourceTree = "<group>";
		};
/* End PBXVariantGroup section */

/* Begin XCBuildConfiguration section */
		846EEBFC1AF061C1003A59B7 /* Debug */ = {
			isa = XCBuildConfiguration;
			buildSettings = {
				ALWAYS_SEARCH_USER_PATHS = NO;
				CLANG_CXX_LANGUAGE_STANDARD = "gnu++0x";
				CLANG_CXX_LIBRARY = "libc++";
				CLANG_ENABLE_MODULES = YES;
				CLANG_ENABLE_OBJC_ARC = YES;
				CLANG_WARN_BOOL_CONVERSION = YES;
				CLANG_WARN_CONSTANT_CONVERSION = YES;
				CLANG_WARN_DIRECT_OBJC_ISA_USAGE = YES_ERROR;
				CLANG_WARN_EMPTY_BODY = YES;
				CLANG_WARN_ENUM_CONVERSION = YES;
				CLANG_WARN_INT_CONVERSION = YES;
				CLANG_WARN_OBJC_ROOT_CLASS = YES_ERROR;
				CLANG_WARN_UNREACHABLE_CODE = YES;
				CLANG_WARN__DUPLICATE_METHOD_MATCH = YES;
				"CODE_SIGN_IDENTITY[sdk=iphoneos*]" = "iPhone Developer";
				COPY_PHASE_STRIP = NO;
				ENABLE_STRICT_OBJC_MSGSEND = YES;
				GCC_C_LANGUAGE_STANDARD = gnu99;
				GCC_DYNAMIC_NO_PIC = NO;
				GCC_OPTIMIZATION_LEVEL = 0;
				GCC_PREPROCESSOR_DEFINITIONS = (
					"DEBUG=1",
					"$(inherited)",
				);
				GCC_SYMBOLS_PRIVATE_EXTERN = NO;
				GCC_WARN_64_TO_32_BIT_CONVERSION = YES;
				GCC_WARN_ABOUT_RETURN_TYPE = YES_ERROR;
				GCC_WARN_UNDECLARED_SELECTOR = YES;
				GCC_WARN_UNINITIALIZED_AUTOS = YES_AGGRESSIVE;
				GCC_WARN_UNUSED_FUNCTION = YES;
				GCC_WARN_UNUSED_VARIABLE = YES;
				IPHONEOS_DEPLOYMENT_TARGET = 8.2;
				MTL_ENABLE_DEBUG_INFO = YES;
				ONLY_ACTIVE_ARCH = YES;
				SDKROOT = iphoneos;
				SWIFT_OPTIMIZATION_LEVEL = "-Onone";
			};
			name = Debug;
		};
		846EEBFD1AF061C1003A59B7 /* Release */ = {
			isa = XCBuildConfiguration;
			buildSettings = {
				ALWAYS_SEARCH_USER_PATHS = NO;
				CLANG_CXX_LANGUAGE_STANDARD = "gnu++0x";
				CLANG_CXX_LIBRARY = "libc++";
				CLANG_ENABLE_MODULES = YES;
				CLANG_ENABLE_OBJC_ARC = YES;
				CLANG_WARN_BOOL_CONVERSION = YES;
				CLANG_WARN_CONSTANT_CONVERSION = YES;
				CLANG_WARN_DIRECT_OBJC_ISA_USAGE = YES_ERROR;
				CLANG_WARN_EMPTY_BODY = YES;
				CLANG_WARN_ENUM_CONVERSION = YES;
				CLANG_WARN_INT_CONVERSION = YES;
				CLANG_WARN_OBJC_ROOT_CLASS = YES_ERROR;
				CLANG_WARN_UNREACHABLE_CODE = YES;
				CLANG_WARN__DUPLICATE_METHOD_MATCH = YES;
				"CODE_SIGN_IDENTITY[sdk=iphoneos*]" = "iPhone Developer";
				COPY_PHASE_STRIP = NO;
				ENABLE_NS_ASSERTIONS = NO;
				ENABLE_STRICT_OBJC_MSGSEND = YES;
				GCC_C_LANGUAGE_STANDARD = gnu99;
				GCC_WARN_64_TO_32_BIT_CONVERSION = YES;
				GCC_WARN_ABOUT_RETURN_TYPE = YES_ERROR;
				GCC_WARN_UNDECLARED_SELECTOR = YES;
				GCC_WARN_UNINITIALIZED_AUTOS = YES_AGGRESSIVE;
				GCC_WARN_UNUSED_FUNCTION = YES;
				GCC_WARN_UNUSED_VARIABLE = YES;
				IPHONEOS_DEPLOYMENT_TARGET = 8.2;
				MTL_ENABLE_DEBUG_INFO = NO;
				SDKROOT = iphoneos;
				VALIDATE_PRODUCT = YES;
			};
			name = Release;
		};
		846EEBFF1AF061C1003A59B7 /* Debug */ = {
			isa = XCBuildConfiguration;
			buildSettings = {
				ASSETCATALOG_COMPILER_APPICON_NAME = AppIcon;
				INFOPLIST_FILE = MatchIt/Info.plist;
				LD_RUNPATH_SEARCH_PATHS = "$(inherited) @executable_path/Frameworks";
				PRODUCT_NAME = "$(TARGET_NAME)";
			};
			name = Debug;
		};
		846EEC001AF061C1003A59B7 /* Release */ = {
			isa = XCBuildConfiguration;
			buildSettings = {
				ASSETCATALOG_COMPILER_APPICON_NAME = AppIcon;
				INFOPLIST_FILE = MatchIt/Info.plist;
				LD_RUNPATH_SEARCH_PATHS = "$(inherited) @executable_path/Frameworks";
				PRODUCT_NAME = "$(TARGET_NAME)";
			};
			name = Release;
		};
		846EEC021AF061C1003A59B7 /* Debug */ = {
			isa = XCBuildConfiguration;
			buildSettings = {
				BUNDLE_LOADER = "$(TEST_HOST)";
				FRAMEWORK_SEARCH_PATHS = (
					"$(SDKROOT)/Developer/Library/Frameworks",
					"$(inherited)",
				);
				GCC_PREPROCESSOR_DEFINITIONS = (
					"DEBUG=1",
					"$(inherited)",
				);
				INFOPLIST_FILE = MatchItTests/Info.plist;
				LD_RUNPATH_SEARCH_PATHS = "$(inherited) @executable_path/Frameworks @loader_path/Frameworks";
				PRODUCT_NAME = "$(TARGET_NAME)";
				TEST_HOST = "$(BUILT_PRODUCTS_DIR)/MatchIt.app/MatchIt";
			};
			name = Debug;
		};
		846EEC031AF061C1003A59B7 /* Release */ = {
			isa = XCBuildConfiguration;
			buildSettings = {
				BUNDLE_LOADER = "$(TEST_HOST)";
				FRAMEWORK_SEARCH_PATHS = (
					"$(SDKROOT)/Developer/Library/Frameworks",
					"$(inherited)",
				);
				INFOPLIST_FILE = MatchItTests/Info.plist;
				LD_RUNPATH_SEARCH_PATHS = "$(inherited) @executable_path/Frameworks @loader_path/Frameworks";
				PRODUCT_NAME = "$(TARGET_NAME)";
				TEST_HOST = "$(BUILT_PRODUCTS_DIR)/MatchIt.app/MatchIt";
			};
			name = Release;
		};
/* End XCBuildConfiguration section */

/* Begin XCConfigurationList section */
		846EEBDA1AF061C1003A59B7 /* Build configuration list for PBXProject "MatchIt" */ = {
			isa = XCConfigurationList;
			buildConfigurations = (
				846EEBFC1AF061C1003A59B7 /* Debug */,
				846EEBFD1AF061C1003A59B7 /* Release */,
			);
			defaultConfigurationIsVisible = 0;
			defaultConfigurationName = Release;
		};
		846EEBFE1AF061C1003A59B7 /* Build configuration list for PBXNativeTarget "MatchIt" */ = {
			isa = XCConfigurationList;
			buildConfigurations = (
				846EEBFF1AF061C1003A59B7 /* Debug */,
				846EEC001AF061C1003A59B7 /* Release */,
			);
			defaultConfigurationIsVisible = 0;
		};
		846EEC011AF061C1003A59B7 /* Build configuration list for PBXNativeTarget "MatchItTests" */ = {
			isa = XCConfigurationList;
			buildConfigurations = (
				846EEC021AF061C1003A59B7 /* Debug */,
				846EEC031AF061C1003A59B7 /* Release */,
			);
			defaultConfigurationIsVisible = 0;
		};
/* End XCConfigurationList section */
	};
	rootObject = 846EEBD71AF061C1003A59B7 /* Project object */;
}
